{
  "name": "@kokorolx/ai-sandbox-wrapper",
  "version": "4.0.3",
  "lockfileVersion": 3,
  "requires": true,
  "packages": {
    "": {
      "name": "@kokorolx/ai-sandbox-wrapper",
      "version": "4.0.3",
      "license": "MIT",
      "bin": {
        "ai-sandbox-wrapper": "bin/cli.js"
      },
      "engines": {
        "node": ">=18"
      }
    }
  }
}
